PODS:
  - app_tracking_transparency (0.0.1):
    - Flutter
  - camera_avfoundation (0.0.1):
    - Flutter
  - device_identity (0.0.1):
    - Flutter
  - device_info_plus (0.0.1):
    - Flutter
  - ffmpeg-kit-ios-min (6.0)
  - ffmpeg_kit_flutter_min (6.0.3):
    - ffmpeg_kit_flutter_min/min (= 6.0.3)
    - Flutter
  - ffmpeg_kit_flutter_min/min (6.0.3):
    - ffmpeg-kit-ios-min (= 6.0)
    - Flutter
  - Flutter (1.0.0)
  - flutter_keychain (0.0.1):
    - Flutter
  - flutter_sound (9.2.13):
    - Flutter
    - flutter_sound_core (= 9.2.13)
  - flutter_sound_core (9.2.13)
  - fluwx (0.0.1):
    - Flutter
    - fluwx/pay (= 0.0.1)
  - fluwx/pay (0.0.1):
    - Flutter
    - WechatOpenSDK-XCFramework (~> 2.0.2)
  - FMDB (2.7.5):
    - FMDB/standard (= 2.7.5)
  - FMDB/standard (2.7.5)
  - image_picker_ios (0.0.1):
    - Flutter
  - in_app_purchase_storekit (0.0.1):
    - Flutter
    - FlutterMacOS
  - JCore (2.6.2)
  - JVerification (2.7.1):
    - JCore (< 6.0.0, >= 2.1.6)
  - jverify (0.0.1):
    - Flutter
    - JCore (= 2.6.2)
    - JVerification (= 2.7.1)
  - MTBBarcodeScanner (5.0.11)
  - package_info (0.0.1):
    - Flutter
  - path_provider_foundation (0.0.1):
    - Flutter
    - FlutterMacOS
  - permission_handler_apple (9.1.1):
    - Flutter
  - photo_manager (2.0.0):
    - Flutter
    - FlutterMacOS
  - qr_code_scanner (0.2.0):
    - Flutter
    - MTBBarcodeScanner
  - quick_actions_ios (0.0.1):
    - Flutter
  - sensors_plus (0.0.1):
    - Flutter
  - shared_preferences_foundation (0.0.1):
    - Flutter
    - FlutterMacOS
  - sqflite (0.0.3):
    - Flutter
    - FMDB (>= 2.7.5)
  - tobias (0.0.1):
    - Flutter
    - tobias/normal (= 0.0.1)
  - tobias/normal (0.0.1):
    - Flutter
  - url_launcher_ios (0.0.1):
    - Flutter
  - vibration (1.7.5):
    - Flutter
  - video_player_avfoundation (0.0.1):
    - Flutter
    - FlutterMacOS
  - webview_flutter_wkwebview (0.0.1):
    - Flutter
  - WechatOpenSDK-XCFramework (2.0.2)

DEPENDENCIES:
  - app_tracking_transparency (from `.symlinks/plugins/app_tracking_transparency/ios`)
  - camera_avfoundation (from `.symlinks/plugins/camera_avfoundation/ios`)
  - device_identity (from `.symlinks/plugins/device_identity/ios`)
  - device_info_plus (from `.symlinks/plugins/device_info_plus/ios`)
  - ffmpeg_kit_flutter_min (from `.symlinks/plugins/ffmpeg_kit_flutter_min/ios`)
  - Flutter (from `Flutter`)
  - flutter_keychain (from `.symlinks/plugins/flutter_keychain/ios`)
  - flutter_sound (from `.symlinks/plugins/flutter_sound/ios`)
  - fluwx (from `.symlinks/plugins/fluwx/ios`)
  - image_picker_ios (from `.symlinks/plugins/image_picker_ios/ios`)
  - in_app_purchase_storekit (from `.symlinks/plugins/in_app_purchase_storekit/darwin`)
  - jverify (from `.symlinks/plugins/jverify/ios`)
  - package_info (from `.symlinks/plugins/package_info/ios`)
  - path_provider_foundation (from `.symlinks/plugins/path_provider_foundation/darwin`)
  - permission_handler_apple (from `.symlinks/plugins/permission_handler_apple/ios`)
  - photo_manager (from `.symlinks/plugins/photo_manager/ios`)
  - qr_code_scanner (from `.symlinks/plugins/qr_code_scanner/ios`)
  - quick_actions_ios (from `.symlinks/plugins/quick_actions_ios/ios`)
  - sensors_plus (from `.symlinks/plugins/sensors_plus/ios`)
  - shared_preferences_foundation (from `.symlinks/plugins/shared_preferences_foundation/darwin`)
  - sqflite (from `.symlinks/plugins/sqflite/ios`)
  - tobias (from `.symlinks/plugins/tobias/ios`)
  - url_launcher_ios (from `.symlinks/plugins/url_launcher_ios/ios`)
  - vibration (from `.symlinks/plugins/vibration/ios`)
  - video_player_avfoundation (from `.symlinks/plugins/video_player_avfoundation/darwin`)
  - webview_flutter_wkwebview (from `.symlinks/plugins/webview_flutter_wkwebview/ios`)

SPEC REPOS:
  trunk:
    - ffmpeg-kit-ios-min
    - flutter_sound_core
    - FMDB
    - JCore
    - JVerification
    - MTBBarcodeScanner
    - WechatOpenSDK-XCFramework

EXTERNAL SOURCES:
  app_tracking_transparency:
    :path: ".symlinks/plugins/app_tracking_transparency/ios"
  camera_avfoundation:
    :path: ".symlinks/plugins/camera_avfoundation/ios"
  device_identity:
    :path: ".symlinks/plugins/device_identity/ios"
  device_info_plus:
    :path: ".symlinks/plugins/device_info_plus/ios"
  ffmpeg_kit_flutter_min:
    :path: ".symlinks/plugins/ffmpeg_kit_flutter_min/ios"
  Flutter:
    :path: Flutter
  flutter_keychain:
    :path: ".symlinks/plugins/flutter_keychain/ios"
  flutter_sound:
    :path: ".symlinks/plugins/flutter_sound/ios"
  fluwx:
    :path: ".symlinks/plugins/fluwx/ios"
  image_picker_ios:
    :path: ".symlinks/plugins/image_picker_ios/ios"
  in_app_purchase_storekit:
    :path: ".symlinks/plugins/in_app_purchase_storekit/darwin"
  jverify:
    :path: ".symlinks/plugins/jverify/ios"
  package_info:
    :path: ".symlinks/plugins/package_info/ios"
  path_provider_foundation:
    :path: ".symlinks/plugins/path_provider_foundation/darwin"
  permission_handler_apple:
    :path: ".symlinks/plugins/permission_handler_apple/ios"
  photo_manager:
    :path: ".symlinks/plugins/photo_manager/ios"
  qr_code_scanner:
    :path: ".symlinks/plugins/qr_code_scanner/ios"
  quick_actions_ios:
    :path: ".symlinks/plugins/quick_actions_ios/ios"
  sensors_plus:
    :path: ".symlinks/plugins/sensors_plus/ios"
  shared_preferences_foundation:
    :path: ".symlinks/plugins/shared_preferences_foundation/darwin"
  sqflite:
    :path: ".symlinks/plugins/sqflite/ios"
  tobias:
    :path: ".symlinks/plugins/tobias/ios"
  url_launcher_ios:
    :path: ".symlinks/plugins/url_launcher_ios/ios"
  vibration:
    :path: ".symlinks/plugins/vibration/ios"
  video_player_avfoundation:
    :path: ".symlinks/plugins/video_player_avfoundation/darwin"
  webview_flutter_wkwebview:
    :path: ".symlinks/plugins/webview_flutter_wkwebview/ios"

SPEC CHECKSUMS:
  app_tracking_transparency: 5b1745ef9ade815f7455cb6a0848349589afb7c5
  camera_avfoundation: 3125e8cd1a4387f6f31c6c63abb8a55892a9eeeb
  device_identity: ad27231cb8754e5bc63ce2225e2e1d95d374ca88
  device_info_plus: 7545d84d8d1b896cb16a4ff98c19f07ec4b298ea
  ffmpeg-kit-ios-min: 4e9a088f4ee9629435960b9d68e54848975f1931
  ffmpeg_kit_flutter_min: 5eff47f4965bf9d1150e98961eb6129f5ae3f28c
  Flutter: f04841e97a9d0b0a8025694d0796dd46242b2854
  flutter_keychain: 01aabf894ffe8b01adfda1d9df21c210c1b4b452
  flutter_sound: c60effa2a350fb977885f0db2fbc4c1ad5160900
  flutter_sound_core: 26c10e5832e76aaacfae252d8925232281c486ae
  fluwx: 4e01cbba9403c95cd973d5d8f8b9db5244f09446
  FMDB: 2ce00b547f966261cd18927a3ddb07cb6f3db82a
  image_picker_ios: 4a8aadfbb6dc30ad5141a2ce3832af9214a705b5
  in_app_purchase_storekit: 4fb7ee9e824b1f09107fbfbbce8c4b276366dc43
  JCore: 0cb4fc5892bc97af4f27283875369ead3eaa3067
  JVerification: 750dc6b4ce55e53d1095958267cfd2e9eb4398a1
  jverify: 1245a818edcaf6054c9bd1c776f100344ff9c08e
  MTBBarcodeScanner: f453b33c4b7dfe545d8c6484ed744d55671788cb
  package_info: 873975fc26034f0b863a300ad47e7f1ac6c7ec62
  path_provider_foundation: 29f094ae23ebbca9d3d0cec13889cd9060c0e943
  permission_handler_apple: e76247795d700c14ea09e3a2d8855d41ee80a2e6
  photo_manager: 4f6810b7dfc4feb03b461ac1a70dacf91fba7604
  qr_code_scanner: bb67d64904c3b9658ada8c402e8b4d406d5d796e
  quick_actions_ios: 9e80dcfadfbc5d47d9cf8f47bcf428b11cf383d4
  sensors_plus: 42b9de1b8237675fa8d8121e4bb93be0f79fa61d
  shared_preferences_foundation: 5b919d13b803cadd15ed2dc053125c68730e5126
  sqflite: 31f7eba61e3074736dff8807a9b41581e4f7f15a
  tobias: 22f69183b14af82a2ac8ff698af084c352744e5f
  url_launcher_ios: bf5ce03e0e2088bad9cc378ea97fa0ed5b49673b
  vibration: 7d883d141656a1c1a6d8d238616b2042a51a1241
  video_player_avfoundation: e9e6f9cae7d7a6d9b43519b0aab382bca60fcfd1
  webview_flutter_wkwebview: 2e2d318f21a5e036e2c3f26171342e95908bd60a
  WechatOpenSDK-XCFramework: acdeeda129efbef9532bca8a10c24e1b4b8c7d69

PODFILE CHECKSUM: 0f123c3d319e59188306be832acde6d9551962d5

COCOAPODS: 1.13.0
